
Microsoft Visual Studio Solution File, Format Version 12.00
# Visual Studio Version 17
VisualStudioVersion = 17.0.31903.59
MinimumVisualStudioVersion = 10.0.40219.1
Project("{2150E333-8FDC-42A3-9474-1A3956D46DE8}") = "src", "src", "{6FEC589D-553E-4EFA-BE9D-AE141D38D403}"
EndProject
Project("{2150E333-8FDC-42A3-9474-1A3956D46DE8}") = "Services", "Services", "{ED4A008A-9703-4670-8F89-238826F31CCB}"
EndProject
Project("{2150E333-8FDC-42A3-9474-1A3956D46DE8}") = "User", "User", "{AE2EE7F2-433D-4E72-A333-4C2DB85A1DC2}"
EndProject
Project("{FAE04EC0-301F-11D3-BF4B-00C04F79EFBC}") = "Enjoyer.API", "src\Services\User\Enjoyer.API\Enjoyer.API.csproj", "{FAFE1B9E-3E02-4606-8ED8-597EAA12171A}"
EndProject
Project("{FAE04EC0-301F-11D3-BF4B-00C04F79EFBC}") = "Enjoyer.Core", "src\Services\User\Enjoyer.Core\Enjoyer.Core.csproj", "{6AE3AD65-85B6-4CB4-B1E4-7D8B142A552B}"
EndProject
Project("{FAE04EC0-301F-11D3-BF4B-00C04F79EFBC}") = "Enjoyer.Infrastructure", "src\Services\User\Enjoyer.Infrastructure\Enjoyer.Infrastructure.csproj", "{797E310D-CAF9-44D3-BE69-3D7FA6155278}"
EndProject
Project("{2150E333-8FDC-42A3-9474-1A3956D46DE8}") = "Wallet", "Wallet", "{56410B24-F6A0-4F8B-AB27-F9BC555497E5}"
EndProject
Project("{FAE04EC0-301F-11D3-BF4B-00C04F79EFBC}") = "Wallet.API", "src\Services\Wallet\Wallet.API\Wallet.API.csproj", "{9AEA4B49-B5EF-4724-B012-D13D9A69A81D}"
EndProject
Project("{FAE04EC0-301F-11D3-BF4B-00C04F79EFBC}") = "Wallet.Infrastructure", "src\Services\Wallet\Wallet.Infrastructure\Wallet.Infrastructure.csproj", "{2E7FCCA1-69EB-4A3D-9828-260317D092A0}"
EndProject
Project("{FAE04EC0-301F-11D3-BF4B-00C04F79EFBC}") = "Wallet.Core", "src\Services\Wallet\Wallet.Core\Wallet.Core.csproj", "{DCC1FA0E-BE9F-48FE-85A5-1CED336A0510}"
EndProject
Project("{2150E333-8FDC-42A3-9474-1A3956D46DE8}") = "Gateway", "Gateway", "{CC7C270D-A17F-4FC5-B72D-9BAE538B9851}"
EndProject
Project("{FAE04EC0-301F-11D3-BF4B-00C04F79EFBC}") = "MyAppGateway.API", "src\Services\Gateway\MyAppGateway.API\MyAppGateway.API.csproj", "{6F4CE14A-EA24-4AD8-AB0A-7022E3868627}"
EndProject
Project("{2150E333-8FDC-42A3-9474-1A3956D46DE8}") = "Transaction", "Transaction", "{A917448A-0FB1-4E62-9954-9C92DBCC75E4}"
EndProject
Project("{FAE04EC0-301F-11D3-BF4B-00C04F79EFBC}") = "Transaction.API", "src\Services\Transaction\Transaction.API\Transaction.API.csproj", "{69A79542-12AD-47EA-BDE4-5A012EE43298}"
EndProject
Project("{FAE04EC0-301F-11D3-BF4B-00C04F79EFBC}") = "Transaction.Core", "src\Services\Transaction\Transaction.Core\Transaction.Core.csproj", "{8BE9808F-2AF0-4C9B-8A6B-D5206886B6D4}"
EndProject
Project("{FAE04EC0-301F-11D3-BF4B-00C04F79EFBC}") = "Transaction.Infrastructure", "src\Services\Transaction\Transaction.Infrastructure\Transaction.Infrastructure.csproj", "{0D836E5B-66EE-4650-884E-A45F01020FCB}"
EndProject
Project("{FAE04EC0-301F-11D3-BF4B-00C04F79EFBC}") = "Transaction.Usecase", "src\Services\Transaction\Transaction.Usecase\Transaction.Usecase.csproj", "{7C91DB7E-F5F5-43CE-A620-76C80C212B28}"
EndProject
Project("{2150E333-8FDC-42A3-9474-1A3956D46DE8}") = "BuildingBlocks", "BuildingBlocks", "{BAD7F01F-1EF5-443F-92EA-26A6202D4F72}"
EndProject
Project("{2150E333-8FDC-42A3-9474-1A3956D46DE8}") = "EventBus", "EventBus", "{3F600ED9-29F7-4B7E-84CD-AE2E4EB3D6BD}"
EndProject
Project("{FAE04EC0-301F-11D3-BF4B-00C04F79EFBC}") = "EventBusKafka", "BuildingBlocks\EventBus\EventBusKafka\EventBusKafka.csproj", "{FD10DB62-7570-482C-9F60-26988E7B0045}"
EndProject
Global
	GlobalSection(SolutionConfigurationPlatforms) = preSolution
		Debug|Any CPU = Debug|Any CPU
		Release|Any CPU = Release|Any CPU
	EndGlobalSection
	GlobalSection(SolutionProperties) = preSolution
		HideSolutionNode = FALSE
	EndGlobalSection
	GlobalSection(ProjectConfigurationPlatforms) = postSolution
		{FAFE1B9E-3E02-4606-8ED8-597EAA12171A}.Debug|Any CPU.ActiveCfg = Debug|Any CPU
		{FAFE1B9E-3E02-4606-8ED8-597EAA12171A}.Debug|Any CPU.Build.0 = Debug|Any CPU
		{FAFE1B9E-3E02-4606-8ED8-597EAA12171A}.Release|Any CPU.ActiveCfg = Release|Any CPU
		{FAFE1B9E-3E02-4606-8ED8-597EAA12171A}.Release|Any CPU.Build.0 = Release|Any CPU
		{6AE3AD65-85B6-4CB4-B1E4-7D8B142A552B}.Debug|Any CPU.ActiveCfg = Debug|Any CPU
		{6AE3AD65-85B6-4CB4-B1E4-7D8B142A552B}.Debug|Any CPU.Build.0 = Debug|Any CPU
		{6AE3AD65-85B6-4CB4-B1E4-7D8B142A552B}.Release|Any CPU.ActiveCfg = Release|Any CPU
		{6AE3AD65-85B6-4CB4-B1E4-7D8B142A552B}.Release|Any CPU.Build.0 = Release|Any CPU
		{797E310D-CAF9-44D3-BE69-3D7FA6155278}.Debug|Any CPU.ActiveCfg = Debug|Any CPU
		{797E310D-CAF9-44D3-BE69-3D7FA6155278}.Debug|Any CPU.Build.0 = Debug|Any CPU
		{797E310D-CAF9-44D3-BE69-3D7FA6155278}.Release|Any CPU.ActiveCfg = Release|Any CPU
		{797E310D-CAF9-44D3-BE69-3D7FA6155278}.Release|Any CPU.Build.0 = Release|Any CPU
		{9AEA4B49-B5EF-4724-B012-D13D9A69A81D}.Debug|Any CPU.ActiveCfg = Debug|Any CPU
		{9AEA4B49-B5EF-4724-B012-D13D9A69A81D}.Debug|Any CPU.Build.0 = Debug|Any CPU
		{9AEA4B49-B5EF-4724-B012-D13D9A69A81D}.Release|Any CPU.ActiveCfg = Release|Any CPU
		{9AEA4B49-B5EF-4724-B012-D13D9A69A81D}.Release|Any CPU.Build.0 = Release|Any CPU
		{2E7FCCA1-69EB-4A3D-9828-260317D092A0}.Debug|Any CPU.ActiveCfg = Debug|Any CPU
		{2E7FCCA1-69EB-4A3D-9828-260317D092A0}.Debug|Any CPU.Build.0 = Debug|Any CPU
		{2E7FCCA1-69EB-4A3D-9828-260317D092A0}.Release|Any CPU.ActiveCfg = Release|Any CPU
		{2E7FCCA1-69EB-4A3D-9828-260317D092A0}.Release|Any CPU.Build.0 = Release|Any CPU
		{DCC1FA0E-BE9F-48FE-85A5-1CED336A0510}.Debug|Any CPU.ActiveCfg = Debug|Any CPU
		{DCC1FA0E-BE9F-48FE-85A5-1CED336A0510}.Debug|Any CPU.Build.0 = Debug|Any CPU
		{DCC1FA0E-BE9F-48FE-85A5-1CED336A0510}.Release|Any CPU.ActiveCfg = Release|Any CPU
		{DCC1FA0E-BE9F-48FE-85A5-1CED336A0510}.Release|Any CPU.Build.0 = Release|Any CPU
		{6F4CE14A-EA24-4AD8-AB0A-7022E3868627}.Debug|Any CPU.ActiveCfg = Debug|Any CPU
		{6F4CE14A-EA24-4AD8-AB0A-7022E3868627}.Debug|Any CPU.Build.0 = Debug|Any CPU
		{6F4CE14A-EA24-4AD8-AB0A-7022E3868627}.Release|Any CPU.ActiveCfg = Release|Any CPU
		{6F4CE14A-EA24-4AD8-AB0A-7022E3868627}.Release|Any CPU.Build.0 = Release|Any CPU
		{69A79542-12AD-47EA-BDE4-5A012EE43298}.Debug|Any CPU.ActiveCfg = Debug|Any CPU
		{69A79542-12AD-47EA-BDE4-5A012EE43298}.Debug|Any CPU.Build.0 = Debug|Any CPU
		{69A79542-12AD-47EA-BDE4-5A012EE43298}.Release|Any CPU.ActiveCfg = Release|Any CPU
		{69A79542-12AD-47EA-BDE4-5A012EE43298}.Release|Any CPU.Build.0 = Release|Any CPU
		{8BE9808F-2AF0-4C9B-8A6B-D5206886B6D4}.Debug|Any CPU.ActiveCfg = Debug|Any CPU
		{8BE9808F-2AF0-4C9B-8A6B-D5206886B6D4}.Debug|Any CPU.Build.0 = Debug|Any CPU
		{8BE9808F-2AF0-4C9B-8A6B-D5206886B6D4}.Release|Any CPU.ActiveCfg = Release|Any CPU
		{8BE9808F-2AF0-4C9B-8A6B-D5206886B6D4}.Release|Any CPU.Build.0 = Release|Any CPU
		{0D836E5B-66EE-4650-884E-A45F01020FCB}.Debug|Any CPU.ActiveCfg = Debug|Any CPU
		{0D836E5B-66EE-4650-884E-A45F01020FCB}.Debug|Any CPU.Build.0 = Debug|Any CPU
		{0D836E5B-66EE-4650-884E-A45F01020FCB}.Release|Any CPU.ActiveCfg = Release|Any CPU
		{0D836E5B-66EE-4650-884E-A45F01020FCB}.Release|Any CPU.Build.0 = Release|Any CPU
		{7C91DB7E-F5F5-43CE-A620-76C80C212B28}.Debug|Any CPU.ActiveCfg = Debug|Any CPU
		{7C91DB7E-F5F5-43CE-A620-76C80C212B28}.Debug|Any CPU.Build.0 = Debug|Any CPU
		{7C91DB7E-F5F5-43CE-A620-76C80C212B28}.Release|Any CPU.ActiveCfg = Release|Any CPU
		{7C91DB7E-F5F5-43CE-A620-76C80C212B28}.Release|Any CPU.Build.0 = Release|Any CPU
		{FD10DB62-7570-482C-9F60-26988E7B0045}.Debug|Any CPU.ActiveCfg = Debug|Any CPU
		{FD10DB62-7570-482C-9F60-26988E7B0045}.Debug|Any CPU.Build.0 = Debug|Any CPU
		{FD10DB62-7570-482C-9F60-26988E7B0045}.Release|Any CPU.ActiveCfg = Release|Any CPU
		{FD10DB62-7570-482C-9F60-26988E7B0045}.Release|Any CPU.Build.0 = Release|Any CPU
	EndGlobalSection
	GlobalSection(NestedProjects) = preSolution
		{ED4A008A-9703-4670-8F89-238826F31CCB} = {6FEC589D-553E-4EFA-BE9D-AE141D38D403}
		{AE2EE7F2-433D-4E72-A333-4C2DB85A1DC2} = {ED4A008A-9703-4670-8F89-238826F31CCB}
		{FAFE1B9E-3E02-4606-8ED8-597EAA12171A} = {AE2EE7F2-433D-4E72-A333-4C2DB85A1DC2}
		{6AE3AD65-85B6-4CB4-B1E4-7D8B142A552B} = {AE2EE7F2-433D-4E72-A333-4C2DB85A1DC2}
		{797E310D-CAF9-44D3-BE69-3D7FA6155278} = {AE2EE7F2-433D-4E72-A333-4C2DB85A1DC2}
		{56410B24-F6A0-4F8B-AB27-F9BC555497E5} = {ED4A008A-9703-4670-8F89-238826F31CCB}
		{9AEA4B49-B5EF-4724-B012-D13D9A69A81D} = {56410B24-F6A0-4F8B-AB27-F9BC555497E5}
		{2E7FCCA1-69EB-4A3D-9828-260317D092A0} = {56410B24-F6A0-4F8B-AB27-F9BC555497E5}
		{DCC1FA0E-BE9F-48FE-85A5-1CED336A0510} = {56410B24-F6A0-4F8B-AB27-F9BC555497E5}
		{CC7C270D-A17F-4FC5-B72D-9BAE538B9851} = {ED4A008A-9703-4670-8F89-238826F31CCB}
		{6F4CE14A-EA24-4AD8-AB0A-7022E3868627} = {CC7C270D-A17F-4FC5-B72D-9BAE538B9851}
		{A917448A-0FB1-4E62-9954-9C92DBCC75E4} = {ED4A008A-9703-4670-8F89-238826F31CCB}
		{69A79542-12AD-47EA-BDE4-5A012EE43298} = {A917448A-0FB1-4E62-9954-9C92DBCC75E4}
		{8BE9808F-2AF0-4C9B-8A6B-D5206886B6D4} = {A917448A-0FB1-4E62-9954-9C92DBCC75E4}
		{0D836E5B-66EE-4650-884E-A45F01020FCB} = {A917448A-0FB1-4E62-9954-9C92DBCC75E4}
		{7C91DB7E-F5F5-43CE-A620-76C80C212B28} = {A917448A-0FB1-4E62-9954-9C92DBCC75E4}
		{3F600ED9-29F7-4B7E-84CD-AE2E4EB3D6BD} = {BAD7F01F-1EF5-443F-92EA-26A6202D4F72}
		{FD10DB62-7570-482C-9F60-26988E7B0045} = {3F600ED9-29F7-4B7E-84CD-AE2E4EB3D6BD}
	EndGlobalSection
EndGlobal
